
Microsoft Visual Studio Solution File, Format Version 12.00
# Visual Studio Version 17
VisualStudioVersion = 17.12.35514.174 d17.12
MinimumVisualStudioVersion = 10.0.40219.1
Project("{FAE04EC0-301F-11D3-BF4B-00C04F79EFBC}") = "GestionEstudiantes.AppMovil", "GestionEstudiantes.AppMovil\GestionEstudiantes.AppMovil.csproj", "{6E907597-4B74-4E67-94C8-9AA7CBB38963}"
EndProject
Project("{FAE04EC0-301F-11D3-BF4B-00C04F79EFBC}") = "RegistroEstudiantes.Modelos", "RegistroEstudiantes.Modelos\RegistroEstudiantes.Modelos.csproj", "{30B135C3-AAEC-4609-B880-FBE2906A9EED}"
EndProject
Global
	GlobalSection(SolutionConfigurationPlatforms) = preSolution
		Debug|Any CPU = Debug|Any CPU
		Release|Any CPU = Release|Any CPU
	EndGlobalSection
	GlobalSection(ProjectConfigurationPlatforms) = postSolution
		{6E907597-4B74-4E67-94C8-9AA7CBB38963}.Debug|Any CPU.ActiveCfg = Debug|Any CPU
		{6E907597-4B74-4E67-94C8-9AA7CBB38963}.Debug|Any CPU.Build.0 = Debug|Any CPU
		{6E907597-4B74-4E67-94C8-9AA7CBB38963}.Debug|Any CPU.Deploy.0 = Debug|Any CPU
		{6E907597-4B74-4E67-94C8-9AA7CBB38963}.Release|Any CPU.ActiveCfg = Release|Any CPU
		{6E907597-4B74-4E67-94C8-9AA7CBB38963}.Release|Any CPU.Build.0 = Release|Any CPU
		{6E907597-4B74-4E67-94C8-9AA7CBB38963}.Release|Any CPU.Deploy.0 = Release|Any CPU
		{30B135C3-AAEC-4609-B880-FBE2906A9EED}.Debug|Any CPU.ActiveCfg = Debug|Any CPU
		{30B135C3-AAEC-4609-B880-FBE2906A9EED}.Debug|Any CPU.Build.0 = Debug|Any CPU
		{30B135C3-AAEC-4609-B880-FBE2906A9EED}.Release|Any CPU.ActiveCfg = Release|Any CPU
		{30B135C3-AAEC-4609-B880-FBE2906A9EED}.Release|Any CPU.Build.0 = Release|Any CPU
	EndGlobalSection
	GlobalSection(SolutionProperties) = preSolution
		HideSolutionNode = FALSE
	EndGlobalSection
EndGlobal
